// !$*UTF8*$!
{
	archiveVersion = 1;
	classes = {
	};
	objectVersion = 50;
	objects = {

/* Begin PBXBuildFile section */
		354F076C2262495F008DAB3D /* AppDelegate.swift in Sources */ = {isa = PBXBuildFile; fileRef = 354F076B2262495F008DAB3D /* AppDelegate.swift */; };
		354F076E2262495F008DAB3D /* ViewController.swift in Sources */ = {isa = PBXBuildFile; fileRef = 354F076D2262495F008DAB3D /* ViewController.swift */; };
		354F07712262495F008DAB3D /* Main.storyboard in Resources */ = {isa = PBXBuildFile; fileRef = 354F076F2262495F008DAB3D /* Main.storyboard */; };
		354F077622624961008DAB3D /* Assets.xcassets in Resources */ = {isa = PBXBuildFile; fileRef = 354F077522624961008DAB3D /* Assets.xcassets */; };
		354F077922624961008DAB3D /* LaunchScreen.storyboard in Resources */ = {isa = PBXBuildFile; fileRef = 354F077722624961008DAB3D /* LaunchScreen.storyboard */; };
		354F07A622628003008DAB3D /* CrearNotaViewController.swift in Sources */ = {isa = PBXBuildFile; fileRef = 354F07A522628003008DAB3D /* CrearNotaViewController.swift */; };
		7DD49F40248CFA69002BBDBA /* Cursos.swift in Sources */ = {isa = PBXBuildFile; fileRef = 7DD49F3F248CFA69002BBDBA /* Cursos.swift */; };
/* End PBXBuildFile section */

/* Begin PBXFileReference section */
		354F07682262495F008DAB3D /* CursosPractica.app */ = {isa = PBXFileReference; explicitFileType = wrapper.application; includeInIndex = 0; path = CursosPractica.app; sourceTree = BUILT_PRODUCTS_DIR; };
		354F076B2262495F008DAB3D /* AppDelegate.swift */ = {isa = PBXFileReference; lastKnownFileType = sourcecode.swift; path = AppDelegate.swift; sourceTree = "<group>"; };
		354F076D2262495F008DAB3D /* ViewController.swift */ = {isa = PBXFileReference; lastKnownFileType = sourcecode.swift; path = ViewController.swift; sourceTree = "<group>"; };
		354F07702262495F008DAB3D /* Base */ = {isa = PBXFileReference; lastKnownFileType = file.storyboard; name = Base; path = Base.lproj/Main.storyboard; sourceTree = "<group>"; };
		354F077522624961008DAB3D /* Assets.xcassets */ = {isa = PBXFileReference; lastKnownFileType = folder.assetcatalog; path = Assets.xcassets; sourceTree = "<group>"; };
		354F077822624961008DAB3D /* Base */ = {isa = PBXFileReference; lastKnownFileType = file.storyboard; name = Base; path = Base.lproj/LaunchScreen.storyboard; sourceTree = "<group>"; };
		354F077A22624961008DAB3D /* Info.plist */ = {isa = PBXFileReference; lastKnownFileType = text.plist.xml; path = Info.plist; sourceTree = "<group>"; };
		354F07A522628003008DAB3D /* CrearNotaViewController.swift */ = {isa = PBXFileReference; lastKnownFileType = sourcecode.swift; path = CrearNotaViewController.swift; sourceTree = "<group>"; };
		7DD49F3F248CFA69002BBDBA /* Cursos.swift */ = {isa = PBXFileReference; lastKnownFileType = sourcecode.swift; path = Cursos.swift; sourceTree = "<group>"; };
/* End PBXFileReference section */

/* Begin PBXFrameworksBuildPhase section */
		354F07652262495F008DAB3D /* Frameworks */ = {
			isa = PBXFrameworksBuildPhase;
			buildActionMask = 2147483647;
			files = (
			);
			runOnlyForDeploymentPostprocessing = 0;
		};
/* End PBXFrameworksBuildPhase section */

/* Begin PBXGroup section */
		354F075F2262495F008DAB3D = {
			isa = PBXGroup;
			children = (
				354F076A2262495F008DAB3D /* CursosPractica */,
				354F07692262495F008DAB3D /* Products */,
			);
			sourceTree = "<group>";
		};
		354F07692262495F008DAB3D /* Products */ = {
			isa = PBXGroup;
			children = (
				354F07682262495F008DAB3D /* CursosPractica.app */,
			);
			name = Products;
			sourceTree = "<group>";
		};
		354F076A2262495F008DAB3D /* CursosPractica */ = {
			isa = PBXGroup;
			children = (
				354F076B2262495F008DAB3D /* AppDelegate.swift */,
				354F076D2262495F008DAB3D /* ViewController.swift */,
				354F076F2262495F008DAB3D /* Main.storyboard */,
				354F07A522628003008DAB3D /* CrearNotaViewController.swift */,
				354F077522624961008DAB3D /* Assets.xcassets */,
				354F077722624961008DAB3D /* LaunchScreen.storyboard */,
				354F077A22624961008DAB3D /* Info.plist */,
				7DD49F3F248CFA69002BBDBA /* Cursos.swift */,
			);
			path = CursosPractica;
			sourceTree = "<group>";
		};
/* End PBXGroup section */

/* Begin PBXNativeTarget section */
		354F07672262495F008DAB3D /* CursosPractica */ = {
			isa = PBXNativeTarget;
			buildConfigurationList = 354F077D22624961008DAB3D /* Build configuration list for PBXNativeTarget "CursosPractica" */;
			buildPhases = (
				354F07642262495F008DAB3D /* Sources */,
				354F07652262495F008DAB3D /* Frameworks */,
				354F07662262495F008DAB3D /* Resources */,
			);
			buildRules = (
			);
			dependencies = (
			);
			name = CursosPractica;
			productName = CursosPractica;
			productReference = 354F07682262495F008DAB3D /* CursosPractica.app */;
			productType = "com.apple.product-type.application";
		};
/* End PBXNativeTarget section */

/* Begin PBXProject section */
		354F07602262495F008DAB3D /* Project object */ = {
			isa = PBXProject;
			attributes = {
				LastSwiftUpdateCheck = 0940;
				LastUpgradeCheck = 0940;
				ORGANIZATIONNAME = Tecsup;
				TargetAttributes = {
					354F07672262495F008DAB3D = {
						CreatedOnToolsVersion = 9.4.1;
					};
				};
			};
			buildConfigurationList = 354F07632262495F008DAB3D /* Build configuration list for PBXProject "CursosPractica" */;
			compatibilityVersion = "Xcode 9.3";
			developmentRegion = en;
			hasScannedForEncodings = 0;
			knownRegions = (
				en,
				Base,
			);
			mainGroup = 354F075F2262495F008DAB3D;
			productRefGroup = 354F07692262495F008DAB3D /* Products */;
			projectDirPath = "";
			projectRoot = "";
			targets = (
				354F07672262495F008DAB3D /* CursosPractica */,
			);
		};
/* End PBXProject section */

/* Begin PBXResourcesBuildPhase section */
		354F07662262495F008DAB3D /* Resources */ = {
			isa = PBXResourcesBuildPhase;
			buildActionMask = 2147483647;
			files = (
				354F077922624961008DAB3D /* LaunchScreen.storyboard in Resources */,
				354F077622624961008DAB3D /* Assets.xcassets in Resources */,
				354F07712262495F008DAB3D /* Main.storyboard in Resources */,
			);
			runOnlyForDeploymentPostprocessing = 0;
		};
/* End PBXResourcesBuildPhase section */

/* Begin PBXSourcesBuildPhase section */
		354F07642262495F008DAB3D /* Sources */ = {
			isa = PBXSourcesBuildPhase;
			buildActionMask = 2147483647;
			files = (
				7DD49F40248CFA69002BBDBA /* Cursos.swift in Sources */,
				354F07A622628003008DAB3D /* CrearNotaViewController.swift in Sources */,
				354F076E2262495F008DAB3D /* ViewController.swift in Sources */,
				354F076C2262495F008DAB3D /* AppDelegate.swift in Sources */,
			);
			runOnlyForDeploymentPostprocessing = 0;
		};
/* End PBXSourcesBuildPhase section */

/* Begin PBXVariantGroup section */
		354F076F2262495F008DAB3D /* Main.storyboard */ = {
			isa = PBXVariantGroup;
			children = (
				354F07702262495F008DAB3D /* Base */,
			);
			name = Main.storyboard;
			sourceTree = "<group>";
		};
		354F077722624961008DAB3D /* LaunchScreen.storyboard */ = {
			isa = PBXVariantGroup;
			children = (
				354F077822624961008DAB3D /* Base */,
			);
			name = LaunchScreen.storyboard;
			sourceTree = "<group>";
		};
/* End PBXVariantGroup section */

/* Begin XCBuildConfiguration section */
		354F077B22624961008DAB3D /* Debug */ = {
			isa = XCBuildConfiguration;
			buildSettings = {
				ALWAYS_SEARCH_USER_PATHS = NO;
				CLANG_ANALYZER_NONNULL = YES;
				CLANG_ANALYZER_NUMBER_OBJECT_CONVERSION = YES_AGGRESSIVE;
				CLANG_CXX_LANGUAGE_STANDARD = "gnu++14";
				CLANG_CXX_LIBRARY = "libc++";
				CLANG_ENABLE_MODULES = YES;
				CLANG_ENABLE_OBJC_ARC = YES;
				CLANG_ENABLE_OBJC_WEAK = YES;
				CLANG_WARN_BLOCK_CAPTURE_AUTORELEASING = YES;
				CLANG_WARN_BOOL_CONVERSION = YES;
				CLANG_WARN_COMMA = YES;
				CLANG_WARN_CONSTANT_CONVERSION = YES;
				CLANG_WARN_DEPRECATED_OBJC_IMPLEMENTATIONS = YES;
				CLANG_WARN_DIRECT_OBJC_ISA_USAGE = YES_ERROR;
				CLANG_WARN_DOCUMENTATION_COMMENTS = YES;
				CLANG_WARN_EMPTY_BODY = YES;
				CLANG_WARN_ENUM_CONVERSION = YES;
				CLANG_WARN_INFINITE_RECURSION = YES;
				CLANG_WARN_INT_CONVERSION = YES;
				CLANG_WARN_NON_LITERAL_NULL_CONVERSION = YES;
				CLANG_WARN_OBJC_IMPLICIT_RETAIN_SELF = YES;
				CLANG_WARN_OBJC_LITERAL_CONVERSION = YES;
				CLANG_WARN_OBJC_ROOT_CLASS = YES_ERROR;
				CLANG_WARN_RANGE_LOOP_ANALYSIS = YES;
				CLANG_WARN_STRICT_PROTOTYPES = YES;
				CLANG_WARN_SUSPICIOUS_MOVE = YES;
				CLANG_WARN_UNGUARDED_AVAILABILITY = YES_AGGRESSIVE;
				CLANG_WARN_UNREACHABLE_CODE = YES;
				CLANG_WARN__DUPLICATE_METHOD_MATCH = YES;
				CODE_SIGN_IDENTITY = "iPhone Developer";
				COPY_PHASE_STRIP = NO;
				DEBUG_INFORMATION_FORMAT = dwarf;
				ENABLE_STRICT_OBJC_MSGSEND = YES;
				ENABLE_TESTABILITY = YES;
				GCC_C_LANGUAGE_STANDARD = gnu11;
				GCC_DYNAMIC_NO_PIC = NO;
				GCC_NO_COMMON_BLOCKS = YES;
				GCC_OPTIMIZATION_LEVEL = 0;
				GCC_PREPROCESSOR_DEFINITIONS = (
					"DEBUG=1",
					"$(inherited)",
				);
				GCC_WARN_64_TO_32_BIT_CONVERSION = YES;
				GCC_WARN_ABOUT_RETURN_TYPE = YES_ERROR;
				GCC_WARN_UNDECLARED_SELECTOR = YES;
				GCC_WARN_UNINITIALIZED_AUTOS = YES_AGGRESSIVE;
				GCC_WARN_UNUSED_FUNCTION = YES;
				GCC_WARN_UNUSED_VARIABLE = YES;
				INFOPLIST_FILE = CursosPractica/Info.plist;
				IPHONEOS_DEPLOYMENT_TARGET = 11.4;
				MTL_ENABLE_DEBUG_INFO = YES;
				ONLY_ACTIVE_ARCH = YES;
				SDKROOT = iphoneos;
				SWIFT_ACTIVE_COMPILATION_CONDITIONS = DEBUG;
				SWIFT_OPTIMIZATION_LEVEL = "-Onone";
			};
			name = Debug;
		};
		354F077C22624961008DAB3D /* Release */ = {
			isa = XCBuildConfiguration;
			buildSettings = {
				ALWAYS_SEARCH_USER_PATHS = NO;
				CLANG_ANALYZER_NONNULL = YES;
				CLANG_ANALYZER_NUMBER_OBJECT_CONVERSION = YES_AGGRESSIVE;
				CLANG_CXX_LANGUAGE_STANDARD = "gnu++14";
				CLANG_CXX_LIBRARY = "libc++";
				CLANG_ENABLE_MODULES = YES;
				CLANG_ENABLE_OBJC_ARC = YES;
				CLANG_ENABLE_OBJC_WEAK = YES;
				CLANG_WARN_BLOCK_CAPTURE_AUTORELEASING = YES;
				CLANG_WARN_BOOL_CONVERSION = YES;
				CLANG_WARN_COMMA = YES;
				CLANG_WARN_CONSTANT_CONVERSION = YES;
				CLANG_WARN_DEPRECATED_OBJC_IMPLEMENTATIONS = YES;
				CLANG_WARN_DIRECT_OBJC_ISA_USAGE = YES_ERROR;
				CLANG_WARN_DOCUMENTATION_COMMENTS = YES;
				CLANG_WARN_EMPTY_BODY = YES;
				CLANG_WARN_ENUM_CONVERSION = YES;
				CLANG_WARN_INFINITE_RECURSION = YES;
				CLANG_WARN_INT_CONVERSION = YES;
				CLANG_WARN_NON_LITERAL_NULL_CONVERSION = YES;
				CLANG_WARN_OBJC_IMPLICIT_RETAIN_SELF = YES;
				CLANG_WARN_OBJC_LITERAL_CONVERSION = YES;
				CLANG_WARN_OBJC_ROOT_CLASS = YES_ERROR;
				CLANG_WARN_RANGE_LOOP_ANALYSIS = YES;
				CLANG_WARN_STRICT_PROTOTYPES = YES;
				CLANG_WARN_SUSPICIOUS_MOVE = YES;
				CLANG_WARN_UNGUARDED_AVAILABILITY = YES_AGGRESSIVE;
				CLANG_WARN_UNREACHABLE_CODE = YES;
				CLANG_WARN__DUPLICATE_METHOD_MATCH = YES;
				CODE_SIGN_IDENTITY = "iPhone Developer";
				COPY_PHASE_STRIP = NO;
				DEBUG_INFORMATION_FORMAT = "dwarf-with-dsym";
				ENABLE_NS_ASSERTIONS = NO;
				ENABLE_STRICT_OBJC_MSGSEND = YES;
				GCC_C_LANGUAGE_STANDARD = gnu11;
				GCC_NO_COMMON_BLOCKS = YES;
				GCC_WARN_64_TO_32_BIT_CONVERSION = YES;
				GCC_WARN_ABOUT_RETURN_TYPE = YES_ERROR;
				GCC_WARN_UNDECLARED_SELECTOR = YES;
				GCC_WARN_UNINITIALIZED_AUTOS = YES_AGGRESSIVE;
				GCC_WARN_UNUSED_FUNCTION = YES;
				GCC_WARN_UNUSED_VARIABLE = YES;
				INFOPLIST_FILE = CursosPractica/Info.plist;
				IPHONEOS_DEPLOYMENT_TARGET = 11.4;
				MTL_ENABLE_DEBUG_INFO = NO;
				SDKROOT = iphoneos;
				SWIFT_COMPILATION_MODE = wholemodule;
				SWIFT_OPTIMIZATION_LEVEL = "-O";
				VALIDATE_PRODUCT = YES;
			};
			name = Release;
		};
		354F077E22624961008DAB3D /* Debug */ = {
			isa = XCBuildConfiguration;
			buildSettings = {
				ASSETCATALOG_COMPILER_APPICON_NAME = AppIcon;
				CODE_SIGN_STYLE = Automatic;
				DEVELOPMENT_TEAM = L34DY23BKH;
				INFOPLIST_FILE = CursosPractica/Info.plist;
				LD_RUNPATH_SEARCH_PATHS = (
					"$(inherited)",
					"@executable_path/Frameworks",
				);
				PRODUCT_BUNDLE_IDENTIFIER = com.tecsup.CursosPractica;
				PRODUCT_NAME = "$(TARGET_NAME)";
				SWIFT_VERSION = 4.0;
				TARGETED_DEVICE_FAMILY = "1,2";
			};
			name = Debug;
		};
		354F077F22624961008DAB3D /* Release */ = {
			isa = XCBuildConfiguration;
			buildSettings = {
				ASSETCATALOG_COMPILER_APPICON_NAME = AppIcon;
				CODE_SIGN_STYLE = Automatic;
				DEVELOPMENT_TEAM = L34DY23BKH;
				INFOPLIST_FILE = CursosPractica/Info.plist;
				LD_RUNPATH_SEARCH_PATHS = (
					"$(inherited)",
					"@executable_path/Frameworks",
				);
				PRODUCT_BUNDLE_IDENTIFIER = com.tecsup.CursosPractica;
				PRODUCT_NAME = "$(TARGET_NAME)";
				SWIFT_VERSION = 4.0;
				TARGETED_DEVICE_FAMILY = "1,2";
			};
			name = Release;
		};
/* End XCBuildConfiguration section */

/* Begin XCConfigurationList section */
		354F07632262495F008DAB3D /* Build configuration list for PBXProject "CursosPractica" */ = {
			isa = XCConfigurationList;
			buildConfigurations = (
				354F077B22624961008DAB3D /* Debug */,
				354F077C22624961008DAB3D /* Release */,
			);
			defaultConfigurationIsVisible = 0;
			defaultConfigurationName = Release;
		};
		354F077D22624961008DAB3D /* Build configuration list for PBXNativeTarget "CursosPractica" */ = {
			isa = XCConfigurationList;
			buildConfigurations = (
				354F077E22624961008DAB3D /* Debug */,
				354F077F22624961008DAB3D /* Release */,
			);
			defaultConfigurationIsVisible = 0;
			defaultConfigurationName = Release;
		};
/* End XCConfigurationList section */
	};
	rootObject = 354F07602262495F008DAB3D /* Project object */;
}
